
Microsoft Visual Studio Solution File, Format Version 12.00
# Visual Studio 15
VisualStudioVersion = 15.0.27428.2005
MinimumVisualStudioVersion = 10.0.40219.1
Project("{9A19103F-16F7-4668-BE54-9A1E7A4F7556}") = "Joanne.Core", "Joanne.Core\Joanne.Core.csproj", "{9CB7ADCB-BFD3-4664-A578-BE5E7D8C1638}"
EndProject
Project("{9A19103F-16F7-4668-BE54-9A1E7A4F7556}") = "Joanne.Test", "Joanne.Test\Joanne.Test.csproj", "{AE5E1B9A-6A62-4E81-8A8B-912553A5C99F}"
EndProject
Project("{9A19103F-16F7-4668-BE54-9A1E7A4F7556}") = "Joanne.Cli", "Joanne.Cli\Joanne.Cli.csproj", "{D812B4E0-4024-40C0-9262-A0DE88782305}"
EndProject
Global
	GlobalSection(SolutionConfigurationPlatforms) = preSolution
		Debug|Any CPU = Debug|Any CPU
		Release|Any CPU = Release|Any CPU
	EndGlobalSection
	GlobalSection(ProjectConfigurationPlatforms) = postSolution
		{9CB7ADCB-BFD3-4664-A578-BE5E7D8C1638}.Debug|Any CPU.ActiveCfg = Debug|Any CPU
		{9CB7ADCB-BFD3-4664-A578-BE5E7D8C1638}.Debug|Any CPU.Build.0 = Debug|Any CPU
		{9CB7ADCB-BFD3-4664-A578-BE5E7D8C1638}.Release|Any CPU.ActiveCfg = Release|Any CPU
		{9CB7ADCB-BFD3-4664-A578-BE5E7D8C1638}.Release|Any CPU.Build.0 = Release|Any CPU
		{AE5E1B9A-6A62-4E81-8A8B-912553A5C99F}.Debug|Any CPU.ActiveCfg = Debug|Any CPU
		{AE5E1B9A-6A62-4E81-8A8B-912553A5C99F}.Debug|Any CPU.Build.0 = Debug|Any CPU
		{AE5E1B9A-6A62-4E81-8A8B-912553A5C99F}.Release|Any CPU.ActiveCfg = Release|Any CPU
		{AE5E1B9A-6A62-4E81-8A8B-912553A5C99F}.Release|Any CPU.Build.0 = Release|Any CPU
		{D812B4E0-4024-40C0-9262-A0DE88782305}.Debug|Any CPU.ActiveCfg = Debug|Any CPU
		{D812B4E0-4024-40C0-9262-A0DE88782305}.Debug|Any CPU.Build.0 = Debug|Any CPU
		{D812B4E0-4024-40C0-9262-A0DE88782305}.Release|Any CPU.ActiveCfg = Release|Any CPU
		{D812B4E0-4024-40C0-9262-A0DE88782305}.Release|Any CPU.Build.0 = Release|Any CPU
	EndGlobalSection
	GlobalSection(SolutionProperties) = preSolution
		HideSolutionNode = FALSE
	EndGlobalSection
	GlobalSection(ExtensibilityGlobals) = postSolution
		SolutionGuid = {4D28F23F-A4D9-4A17-941B-B3806AB4810B}
	EndGlobalSection
EndGlobal
